
Microsoft Visual Studio Solution File, Format Version 12.00
# Visual Studio Version 17
VisualStudioVersion = 17.9.34728.123
MinimumVisualStudioVersion = 10.0.40219.1
Project("{9A19103F-16F7-4668-BE54-9A1E7A4F7556}") = "AzureOAIChatBot", "AzureOAIChatBot\AzureOAIChatBot.csproj", "{7EAD03E0-8F0B-443E-8AAA-B1690CD113FC}"
EndProject
Project("{9A19103F-16F7-4668-BE54-9A1E7A4F7556}") = "AOAIProcessor", "AOAIProcessor\AOAIProcessor.csproj", "{92FD79D1-44FD-4FFB-ABFF-DEE958561918}"
EndProject
Global
	GlobalSection(SolutionConfigurationPlatforms) = preSolution
		Debug|Any CPU = Debug|Any CPU
		Release|Any CPU = Release|Any CPU
	EndGlobalSection
	GlobalSection(ProjectConfigurationPlatforms) = postSolution
		{7EAD03E0-8F0B-443E-8AAA-B1690CD113FC}.Debug|Any CPU.ActiveCfg = Debug|Any CPU
		{7EAD03E0-8F0B-443E-8AAA-B1690CD113FC}.Debug|Any CPU.Build.0 = Debug|Any CPU
		{7EAD03E0-8F0B-443E-8AAA-B1690CD113FC}.Release|Any CPU.ActiveCfg = Release|Any CPU
		{7EAD03E0-8F0B-443E-8AAA-B1690CD113FC}.Release|Any CPU.Build.0 = Release|Any CPU
		{92FD79D1-44FD-4FFB-ABFF-DEE958561918}.Debug|Any CPU.ActiveCfg = Debug|Any CPU
		{92FD79D1-44FD-4FFB-ABFF-DEE958561918}.Debug|Any CPU.Build.0 = Debug|Any CPU
		{92FD79D1-44FD-4FFB-ABFF-DEE958561918}.Release|Any CPU.ActiveCfg = Release|Any CPU
		{92FD79D1-44FD-4FFB-ABFF-DEE958561918}.Release|Any CPU.Build.0 = Release|Any CPU
	EndGlobalSection
	GlobalSection(SolutionProperties) = preSolution
		HideSolutionNode = FALSE
	EndGlobalSection
	GlobalSection(ExtensibilityGlobals) = postSolution
		SolutionGuid = {FF41C31E-C272-46B9-8B78-684FF192812F}
	EndGlobalSection
EndGlobal
